
Microsoft Visual Studio Solution File, Format Version 12.00
# Visual Studio Version 17
VisualStudioVersion = 17.14.37314.3 d17.14
MinimumVisualStudioVersion = 10.0.40219.1
Project("{FAE04EC0-301F-11D3-BF4B-00C04F79EFBC}") = "CongNoPhaiTra", "CongNoPhaiTra\CongNoPhaiTra.csproj", "{B8F44957-4B1E-44E9-87DF-DE0D6BC0B26F}"
EndProject
Global
	GlobalSection(SolutionConfigurationPlatforms) = preSolution
		Debug|Any CPU = Debug|Any CPU
		Release|Any CPU = Release|Any CPU
	EndGlobalSection
	GlobalSection(ProjectConfigurationPlatforms) = postSolution
		{B8F44957-4B1E-44E9-87DF-DE0D6BC0B26F}.Debug|Any CPU.ActiveCfg = Debug|Any CPU
		{B8F44957-4B1E-44E9-87DF-DE0D6BC0B26F}.Debug|Any CPU.Build.0 = Debug|Any CPU
		{B8F44957-4B1E-44E9-87DF-DE0D6BC0B26F}.Release|Any CPU.ActiveCfg = Release|Any CPU
		{B8F44957-4B1E-44E9-87DF-DE0D6BC0B26F}.Release|Any CPU.Build.0 = Release|Any CPU
	EndGlobalSection
	GlobalSection(SolutionProperties) = preSolution
		HideSolutionNode = FALSE
	EndGlobalSection
	GlobalSection(ExtensibilityGlobals) = postSolution
		SolutionGuid = {59181522-3452-4A09-BCAA-3A90AEBDD4DA}
	EndGlobalSection
EndGlobal
